
Microsoft Visual Studio Solution File, Format Version 12.00
# Visual Studio Version 17
VisualStudioVersion = 17.11.35312.102
MinimumVisualStudioVersion = 10.0.40219.1
Project("{FAE04EC0-301F-11D3-BF4B-00C04F79EFBC}") = "Travel_Tourism", "Travel_Tourism\Travel_Tourism.csproj", "{253A6CC8-66EA-444B-837C-64474953E305}"
EndProject
Global
	GlobalSection(SolutionConfigurationPlatforms) = preSolution
		Debug|Any CPU = Debug|Any CPU
		Release|Any CPU = Release|Any CPU
	EndGlobalSection
	GlobalSection(ProjectConfigurationPlatforms) = postSolution
		{253A6CC8-66EA-444B-837C-64474953E305}.Debug|Any CPU.ActiveCfg = Debug|Any CPU
		{253A6CC8-66EA-444B-837C-64474953E305}.Debug|Any CPU.Build.0 = Debug|Any CPU
		{253A6CC8-66EA-444B-837C-64474953E305}.Release|Any CPU.ActiveCfg = Release|Any CPU
		{253A6CC8-66EA-444B-837C-64474953E305}.Release|Any CPU.Build.0 = Release|Any CPU
	EndGlobalSection
	GlobalSection(SolutionProperties) = preSolution
		HideSolutionNode = FALSE
	EndGlobalSection
	GlobalSection(ExtensibilityGlobals) = postSolution
		SolutionGuid = {8B82962A-C8C1-4E70-A449-D0B6F14D3F5E}
	EndGlobalSection
EndGlobal
